
Microsoft Visual Studio Solution File, Format Version 12.00
# Visual Studio Version 17
VisualStudioVersion = 17.14.36518.9 d17.14
MinimumVisualStudioVersion = 10.0.40219.1
Project("{FAE04EC0-301F-11D3-BF4B-00C04F79EFBC}") = "MyWebsite", "MyWebsite\MyWebsite.csproj", "{71113831-E8CD-414D-91A8-43CE59DB1F29}"
EndProject
Global
	GlobalSection(SolutionConfigurationPlatforms) = preSolution
		Debug|Any CPU = Debug|Any CPU
		Release|Any CPU = Release|Any CPU
	EndGlobalSection
	GlobalSection(ProjectConfigurationPlatforms) = postSolution
		{71113831-E8CD-414D-91A8-43CE59DB1F29}.Debug|Any CPU.ActiveCfg = Debug|Any CPU
		{71113831-E8CD-414D-91A8-43CE59DB1F29}.Debug|Any CPU.Build.0 = Debug|Any CPU
		{71113831-E8CD-414D-91A8-43CE59DB1F29}.Release|Any CPU.ActiveCfg = Release|Any CPU
		{71113831-E8CD-414D-91A8-43CE59DB1F29}.Release|Any CPU.Build.0 = Release|Any CPU
	EndGlobalSection
	GlobalSection(SolutionProperties) = preSolution
		HideSolutionNode = FALSE
	EndGlobalSection
	GlobalSection(ExtensibilityGlobals) = postSolution
		SolutionGuid = {99BA44CA-ECF7-455E-A423-F3C6F1D9A93A}
	EndGlobalSection
EndGlobal
