
Microsoft Visual Studio Solution File, Format Version 12.00
# Visual Studio Version 17
VisualStudioVersion = 17.14.36603.0 d17.14
MinimumVisualStudioVersion = 10.0.40219.1
Project("{FAE04EC0-301F-11D3-BF4B-00C04F79EFBC}") = "FinalProject", "FinalProject\FinalProject.csproj", "{675911B0-8C59-4590-B57C-F297E6ACD27E}"
EndProject
Global
	GlobalSection(SolutionConfigurationPlatforms) = preSolution
		Debug|Any CPU = Debug|Any CPU
		Release|Any CPU = Release|Any CPU
	EndGlobalSection
	GlobalSection(ProjectConfigurationPlatforms) = postSolution
		{675911B0-8C59-4590-B57C-F297E6ACD27E}.Debug|Any CPU.ActiveCfg = Debug|Any CPU
		{675911B0-8C59-4590-B57C-F297E6ACD27E}.Debug|Any CPU.Build.0 = Debug|Any CPU
		{675911B0-8C59-4590-B57C-F297E6ACD27E}.Release|Any CPU.ActiveCfg = Release|Any CPU
		{675911B0-8C59-4590-B57C-F297E6ACD27E}.Release|Any CPU.Build.0 = Release|Any CPU
	EndGlobalSection
	GlobalSection(SolutionProperties) = preSolution
		HideSolutionNode = FALSE
	EndGlobalSection
	GlobalSection(ExtensibilityGlobals) = postSolution
		SolutionGuid = {C90867F1-F4AE-4D81-B70B-DCEA510B42B7}
	EndGlobalSection
EndGlobal
