
Microsoft Visual Studio Solution File, Format Version 12.00
# Visual Studio Version 17
VisualStudioVersion = 17.14.36518.9 d17.14
MinimumVisualStudioVersion = 10.0.40219.1
Project("{FAE04EC0-301F-11D3-BF4B-00C04F79EFBC}") = "FAQs", "FAQs\FAQs.csproj", "{562590BD-739D-4C2F-8D48-7B562D90206F}"
EndProject
Global
	GlobalSection(SolutionConfigurationPlatforms) = preSolution
		Debug|Any CPU = Debug|Any CPU
		Release|Any CPU = Release|Any CPU
	EndGlobalSection
	GlobalSection(ProjectConfigurationPlatforms) = postSolution
		{562590BD-739D-4C2F-8D48-7B562D90206F}.Debug|Any CPU.ActiveCfg = Debug|Any CPU
		{562590BD-739D-4C2F-8D48-7B562D90206F}.Debug|Any CPU.Build.0 = Debug|Any CPU
		{562590BD-739D-4C2F-8D48-7B562D90206F}.Release|Any CPU.ActiveCfg = Release|Any CPU
		{562590BD-739D-4C2F-8D48-7B562D90206F}.Release|Any CPU.Build.0 = Release|Any CPU
	EndGlobalSection
	GlobalSection(SolutionProperties) = preSolution
		HideSolutionNode = FALSE
	EndGlobalSection
	GlobalSection(ExtensibilityGlobals) = postSolution
		SolutionGuid = {A9240068-7D4B-45E7-8377-E848F00844FB}
	EndGlobalSection
EndGlobal
