
Microsoft Visual Studio Solution File, Format Version 12.00
# Visual Studio Version 17
VisualStudioVersion = 17.13.35913.81 d17.13
MinimumVisualStudioVersion = 10.0.40219.1
Project("{FAE04EC0-301F-11D3-BF4B-00C04F79EFBC}") = "Project1", "Project1\Project1.csproj", "{65FC9D2F-7570-40A5-90D2-3A1C6DBF3851}"
EndProject
Project("{FAE04EC0-301F-11D3-BF4B-00C04F79EFBC}") = "Project2", "Project2\Project2.csproj", "{5C8C2C9E-4463-4CCF-A9A5-20D2D2AA3D7E}"
EndProject
Project("{FAE04EC0-301F-11D3-BF4B-00C04F79EFBC}") = "Project3", "Project3\Project3.csproj", "{C97980E4-E412-4B90-8EAF-8B87D2FF841E}"
EndProject
Project("{FAE04EC0-301F-11D3-BF4B-00C04F79EFBC}") = "Project4", "Project4\Project4.csproj", "{9E7477D5-778A-4FFA-896B-01854328FBFF}"
EndProject
Project("{FAE04EC0-301F-11D3-BF4B-00C04F79EFBC}") = "Project5", "Project5\Project5.csproj", "{711ABBB3-0AB2-4420-BDDE-D65B68647878}"
EndProject
Project("{FAE04EC0-301F-11D3-BF4B-00C04F79EFBC}") = "Project6", "Project6\Project6.csproj", "{F114808F-F0B0-4A9A-8FFB-414F83A59024}"
EndProject
Project("{FAE04EC0-301F-11D3-BF4B-00C04F79EFBC}") = "Project7", "Project7\Project7.csproj", "{A4CB7531-E46B-4E93-837E-8E8965356826}"
EndProject
Project("{FAE04EC0-301F-11D3-BF4B-00C04F79EFBC}") = "Project8", "Project8\Project8.csproj", "{2CFCD14C-3CB9-416B-81F1-3CB1D9D5E18C}"
EndProject
Project("{FAE04EC0-301F-11D3-BF4B-00C04F79EFBC}") = "Project9", "Project9\Project9.csproj", "{88E2A24F-77C3-4C17-9941-F0821177B375}"
EndProject
Global
	GlobalSection(SolutionConfigurationPlatforms) = preSolution
		Debug|Any CPU = Debug|Any CPU
		Release|Any CPU = Release|Any CPU
	EndGlobalSection
	GlobalSection(ProjectConfigurationPlatforms) = postSolution
		{65FC9D2F-7570-40A5-90D2-3A1C6DBF3851}.Debug|Any CPU.ActiveCfg = Debug|Any CPU
		{65FC9D2F-7570-40A5-90D2-3A1C6DBF3851}.Debug|Any CPU.Build.0 = Debug|Any CPU
		{65FC9D2F-7570-40A5-90D2-3A1C6DBF3851}.Release|Any CPU.ActiveCfg = Release|Any CPU
		{65FC9D2F-7570-40A5-90D2-3A1C6DBF3851}.Release|Any CPU.Build.0 = Release|Any CPU
		{5C8C2C9E-4463-4CCF-A9A5-20D2D2AA3D7E}.Debug|Any CPU.ActiveCfg = Debug|Any CPU
		{5C8C2C9E-4463-4CCF-A9A5-20D2D2AA3D7E}.Debug|Any CPU.Build.0 = Debug|Any CPU
		{5C8C2C9E-4463-4CCF-A9A5-20D2D2AA3D7E}.Release|Any CPU.ActiveCfg = Release|Any CPU
		{5C8C2C9E-4463-4CCF-A9A5-20D2D2AA3D7E}.Release|Any CPU.Build.0 = Release|Any CPU
		{C97980E4-E412-4B90-8EAF-8B87D2FF841E}.Debug|Any CPU.ActiveCfg = Debug|Any CPU
		{C97980E4-E412-4B90-8EAF-8B87D2FF841E}.Debug|Any CPU.Build.0 = Debug|Any CPU
		{C97980E4-E412-4B90-8EAF-8B87D2FF841E}.Release|Any CPU.ActiveCfg = Release|Any CPU
		{C97980E4-E412-4B90-8EAF-8B87D2FF841E}.Release|Any CPU.Build.0 = Release|Any CPU
		{9E7477D5-778A-4FFA-896B-01854328FBFF}.Debug|Any CPU.ActiveCfg = Debug|Any CPU
		{9E7477D5-778A-4FFA-896B-01854328FBFF}.Debug|Any CPU.Build.0 = Debug|Any CPU
		{9E7477D5-778A-4FFA-896B-01854328FBFF}.Release|Any CPU.ActiveCfg = Release|Any CPU
		{9E7477D5-778A-4FFA-896B-01854328FBFF}.Release|Any CPU.Build.0 = Release|Any CPU
		{711ABBB3-0AB2-4420-BDDE-D65B68647878}.Debug|Any CPU.ActiveCfg = Debug|Any CPU
		{711ABBB3-0AB2-4420-BDDE-D65B68647878}.Debug|Any CPU.Build.0 = Debug|Any CPU
		{711ABBB3-0AB2-4420-BDDE-D65B68647878}.Release|Any CPU.ActiveCfg = Release|Any CPU
		{711ABBB3-0AB2-4420-BDDE-D65B68647878}.Release|Any CPU.Build.0 = Release|Any CPU
		{F114808F-F0B0-4A9A-8FFB-414F83A59024}.Debug|Any CPU.ActiveCfg = Debug|Any CPU
		{F114808F-F0B0-4A9A-8FFB-414F83A59024}.Debug|Any CPU.Build.0 = Debug|Any CPU
		{F114808F-F0B0-4A9A-8FFB-414F83A59024}.Release|Any CPU.ActiveCfg = Release|Any CPU
		{F114808F-F0B0-4A9A-8FFB-414F83A59024}.Release|Any CPU.Build.0 = Release|Any CPU
		{A4CB7531-E46B-4E93-837E-8E8965356826}.Debug|Any CPU.ActiveCfg = Debug|Any CPU
		{A4CB7531-E46B-4E93-837E-8E8965356826}.Debug|Any CPU.Build.0 = Debug|Any CPU
		{A4CB7531-E46B-4E93-837E-8E8965356826}.Release|Any CPU.ActiveCfg = Release|Any CPU
		{A4CB7531-E46B-4E93-837E-8E8965356826}.Release|Any CPU.Build.0 = Release|Any CPU
		{2CFCD14C-3CB9-416B-81F1-3CB1D9D5E18C}.Debug|Any CPU.ActiveCfg = Debug|Any CPU
		{2CFCD14C-3CB9-416B-81F1-3CB1D9D5E18C}.Debug|Any CPU.Build.0 = Debug|Any CPU
		{2CFCD14C-3CB9-416B-81F1-3CB1D9D5E18C}.Release|Any CPU.ActiveCfg = Release|Any CPU
		{2CFCD14C-3CB9-416B-81F1-3CB1D9D5E18C}.Release|Any CPU.Build.0 = Release|Any CPU
		{88E2A24F-77C3-4C17-9941-F0821177B375}.Debug|Any CPU.ActiveCfg = Debug|Any CPU
		{88E2A24F-77C3-4C17-9941-F0821177B375}.Debug|Any CPU.Build.0 = Debug|Any CPU
		{88E2A24F-77C3-4C17-9941-F0821177B375}.Release|Any CPU.ActiveCfg = Release|Any CPU
		{88E2A24F-77C3-4C17-9941-F0821177B375}.Release|Any CPU.Build.0 = Release|Any CPU
	EndGlobalSection
	GlobalSection(SolutionProperties) = preSolution
		HideSolutionNode = FALSE
	EndGlobalSection
	GlobalSection(ExtensibilityGlobals) = postSolution
		SolutionGuid = {BB476135-D99C-4BF1-9311-8047A1862EBB}
	EndGlobalSection
EndGlobal
